{
  "name": "@tryspeed/l402-express",
  "version": "1.0.0",
  "lockfileVersion": 3,
  "requires": true,
  "packages": {
    "": {
      "name": "@tryspeed/l402-express",
      "version": "1.0.0",
      "license": "MIT",
      "dependencies": {
        "light-bolt11-decoder": "^3.2.0",
        "macaroon": "^3.0.4",
        "node-cache": "^5.1.2"
      }
    },
    "node_modules/@scure/base": {
      "version": "1.1.1",
      "funding": [
        {
          "type": "individual",
          "url": "https://paulmillr.com/funding/"
        }
      ],
      "license": "MIT"
    },
    "node_modules/clone": {
      "version": "2.1.2",
      "license": "MIT",
      "engines": {
        "node": ">=0.8"
      }
    },
    "node_modules/light-bolt11-decoder": {
      "version": "3.2.0",
      "resolved": "https://registry.npmjs.org/light-bolt11-decoder/-/light-bolt11-decoder-3.2.0.tgz",
      "integrity": "sha512-3QEofgiBOP4Ehs9BI+RkZdXZNtSys0nsJ6fyGeSiAGCBsMwHGUDS/JQlY/sTnWs91A2Nh0S9XXfA8Sy9g6QpuQ==",
      "license": "MIT",
      "dependencies": {
        "@scure/base": "1.1.1"
      }
    },
    "node_modules/macaroon": {
      "version": "3.0.4",
      "resolved": "https://registry.npmjs.org/macaroon/-/macaroon-3.0.4.tgz",
      "integrity": "sha512-Tja2jvupseKxltPZbu5RPSz2Pgh6peYA3O46YCTcYL8PI1VqtGwDqRhGfP8pows26xx9wTiygk+en62Bq+Y8JA==",
      "license": "BSD-3-Clause",
      "dependencies": {
        "sjcl": "^1.0.6",
        "tweetnacl": "^1.0.0",
        "tweetnacl-util": "^0.15.0"
      }
    },
    "node_modules/node-cache": {
      "version": "5.1.2",
      "resolved": "https://registry.npmjs.org/node-cache/-/node-cache-5.1.2.tgz",
      "integrity": "sha512-t1QzWwnk4sjLWaQAS8CHgOJ+RAfmHpxFWmc36IWTiWHQfs0w5JDMBS1b1ZxQteo0vVVuWJvIUKHDkkeK7vIGCg==",
      "license": "MIT",
      "dependencies": {
        "clone": "2.x"
      },
      "engines": {
        "node": ">= 8.0.0"
      }
    },
    "node_modules/sjcl": {
      "version": "1.0.9",
      "license": "(BSD-2-Clause OR GPL-2.0-only)",
      "engines": {
        "node": "*"
      }
    },
    "node_modules/tweetnacl": {
      "version": "1.0.3",
      "license": "Unlicense"
    },
    "node_modules/tweetnacl-util": {
      "version": "0.15.1",
      "license": "Unlicense"
    }
  }
}
